
Microsoft Visual Studio Solution File, Format Version 12.00
# Visual Studio Version 17
VisualStudioVersion = 17.13.35931.197 d17.13
MinimumVisualStudioVersion = 10.0.40219.1
Project("{FAE04EC0-301F-11D3-BF4B-00C04F79EFBC}") = "Nhklesson04", "Nhklesson04.csproj", "{DF88A86B-CCDE-4984-B120-FE717C7C7CF7}"
EndProject
Global
	GlobalSection(SolutionConfigurationPlatforms) = preSolution
		Debug|Any CPU = Debug|Any CPU
		Release|Any CPU = Release|Any CPU
	EndGlobalSection
	GlobalSection(ProjectConfigurationPlatforms) = postSolution
		{DF88A86B-CCDE-4984-B120-FE717C7C7CF7}.Debug|Any CPU.ActiveCfg = Debug|Any CPU
		{DF88A86B-CCDE-4984-B120-FE717C7C7CF7}.Debug|Any CPU.Build.0 = Debug|Any CPU
		{DF88A86B-CCDE-4984-B120-FE717C7C7CF7}.Release|Any CPU.ActiveCfg = Release|Any CPU
		{DF88A86B-CCDE-4984-B120-FE717C7C7CF7}.Release|Any CPU.Build.0 = Release|Any CPU
	EndGlobalSection
	GlobalSection(SolutionProperties) = preSolution
		HideSolutionNode = FALSE
	EndGlobalSection
	GlobalSection(ExtensibilityGlobals) = postSolution
		SolutionGuid = {29F95F2D-6C8D-4BE7-95A3-AD247CE2E2AA}
	EndGlobalSection
EndGlobal
