
Microsoft Visual Studio Solution File, Format Version 12.00
# Visual Studio Version 17
VisualStudioVersion = 17.13.35931.197 d17.13
MinimumVisualStudioVersion = 10.0.40219.1
Project("{FAE04EC0-301F-11D3-BF4B-00C04F79EFBC}") = "Kienlesson1", "Kienlesson1.csproj", "{0974F717-5CEC-43B0-A999-F574F597233F}"
EndProject
Global
	GlobalSection(SolutionConfigurationPlatforms) = preSolution
		Debug|Any CPU = Debug|Any CPU
		Release|Any CPU = Release|Any CPU
	EndGlobalSection
	GlobalSection(ProjectConfigurationPlatforms) = postSolution
		{0974F717-5CEC-43B0-A999-F574F597233F}.Debug|Any CPU.ActiveCfg = Debug|Any CPU
		{0974F717-5CEC-43B0-A999-F574F597233F}.Debug|Any CPU.Build.0 = Debug|Any CPU
		{0974F717-5CEC-43B0-A999-F574F597233F}.Release|Any CPU.ActiveCfg = Release|Any CPU
		{0974F717-5CEC-43B0-A999-F574F597233F}.Release|Any CPU.Build.0 = Release|Any CPU
	EndGlobalSection
	GlobalSection(SolutionProperties) = preSolution
		HideSolutionNode = FALSE
	EndGlobalSection
	GlobalSection(ExtensibilityGlobals) = postSolution
		SolutionGuid = {8ACEEF8A-6EDC-4620-92E6-9D592EF71BF9}
	EndGlobalSection
EndGlobal
